[[package]]
name = "click"
version = "8.0.4"
requires_python = ">=3.6"
summary = "Composable command line interface toolkit"
dependencies = [
    "colorama; platform_system == \"Windows\"",
    "importlib-metadata; python_version < \"3.8\"",
]

[[package]]
name = "colorama"
version = "0.4.5"
requires_python = ">=2.7, !=3.0.*, !=3.1.*, !=3.2.*, !=3.3.*, !=3.4.*"
summary = "Cross-platform colored terminal text."

[[package]]
name = "dataclasses"
version = "0.8"
requires_python = ">=3.6, <3.7"
summary = "A backport of the dataclasses module for Python 3.6"

[[package]]
name = "fastapi"
version = "0.68.1"
requires_python = ">=3.6"
summary = "FastAPI framework, high performance, easy to learn, fast to code, ready for production"
dependencies = [
    "pydantic!=1.7,!=1.7.1,!=1.7.2,!=1.7.3,!=1.8,!=1.8.1,<2.0.0,>=1.6.2",
    "starlette==0.14.2",
]

[[package]]
name = "greenlet"
version = "2.0.1"
requires_python = ">=2.7,!=3.0.*,!=3.1.*,!=3.2.*,!=3.3.*,!=3.4.*"
summary = "Lightweight in-process concurrent programming"

[[package]]
name = "importlib-metadata"
version = "4.8.3"
requires_python = ">=3.6"
summary = "Read metadata from Python packages"
dependencies = [
    "typing-extensions>=3.6.4; python_version < \"3.8\"",
    "zipp>=0.5",
]

[[package]]
name = "pydantic"
version = "1.7.4"
requires_python = ">=3.6"
summary = "Data validation and settings management using python 3.6 type hinting"
dependencies = [
    "dataclasses>=0.6; python_version < \"3.7\"",
]

[[package]]
name = "sqlalchemy"
version = "1.4.43"
requires_python = "!=3.0.*,!=3.1.*,!=3.2.*,!=3.3.*,!=3.4.*,!=3.5.*,>=2.7"
summary = "Database Abstraction Library"
dependencies = [
    "greenlet!=0.4.17; python_version >= \"3\" and (platform_machine == \"aarch64\" or (platform_machine == \"ppc64le\" or (platform_machine == \"x86_64\" or (platform_machine == \"amd64\" or (platform_machine == \"AMD64\" or (platform_machine == \"win32\" or platform_machine == \"WIN32\"))))))",
    "importlib-metadata; python_version < \"3.8\"",
]

[[package]]
name = "starlette"
version = "0.14.2"
requires_python = ">=3.6"
summary = "The little ASGI library that shines."

[[package]]
name = "typer"
version = "0.7.0"
requires_python = ">=3.6"
summary = "Typer, build great CLIs. Easy to code. Based on Python type hints."
dependencies = [
    "click<9.0.0,>=7.1.1",
]

[[package]]
name = "typing-extensions"
version = "4.1.1"
requires_python = ">=3.6"
summary = "Backported and Experimental Type Hints for Python 3.6+"

[[package]]
name = "zipp"
version = "3.6.0"
requires_python = ">=3.6"
summary = "Backport of pathlib-compatible object wrapper for zip files"

[metadata]
lock_version = "4.0"
content_hash = "sha256:6eee99283c38ce0a03d3cf337b764f40c898f1b7a8050846c77dc2ec69142fcf"

[metadata.files]
"click 8.0.4" = [
    {url = "https://mirrors.aliyun.com/pypi/packages/4a/a8/0b2ced25639fb20cc1c9784de90a8c25f9504a7f18cd8b5397bd61696d7d/click-8.0.4-py3-none-any.whl", hash = "sha256:6a7a62563bbfabfda3a38f3023a1db4a35978c0abd76f6c9605ecd6554d6d9b1"},
    {url = "https://mirrors.aliyun.com/pypi/packages/dd/cf/706c1ad49ab26abed0b77a2f867984c1341ed7387b8030a6aa914e2942a0/click-8.0.4.tar.gz", hash = "sha256:8458d7b1287c5fb128c90e23381cf99dcde74beaf6c7ff6384ce84d6fe090adb"},
]
"colorama 0.4.5" = [
    {url = "https://mirrors.aliyun.com/pypi/packages/2b/65/24d033a9325ce42ccbfa3ca2d0866c7e89cc68e5b9d92ecaba9feef631df/colorama-0.4.5.tar.gz", hash = "sha256:e6c6b4334fc50988a639d9b98aa429a0b57da6e17b9a44f0451f930b6967b7a4"},
    {url = "https://mirrors.aliyun.com/pypi/packages/77/8b/7550e87b2d308a1b711725dfaddc19c695f8c5fa413c640b2be01662f4e6/colorama-0.4.5-py2.py3-none-any.whl", hash = "sha256:854bf444933e37f5824ae7bfc1e98d5bce2ebe4160d46b5edf346a89358e99da"},
]
"dataclasses 0.8" = [
    {url = "https://mirrors.aliyun.com/pypi/packages/1f/12/7919c5d8b9c497f9180db15ea8ead6499812ea8264a6ae18766d93c59fe5/dataclasses-0.8.tar.gz", hash = "sha256:8479067f342acf957dc82ec415d355ab5edb7e7646b90dc6e2fd1d96ad084c97"},
    {url = "https://mirrors.aliyun.com/pypi/packages/fe/ca/75fac5856ab5cfa51bbbcefa250182e50441074fdc3f803f6e76451fab43/dataclasses-0.8-py3-none-any.whl", hash = "sha256:0201d89fa866f68c8ebd9d08ee6ff50c0b255f8ec63a71c16fda7af82bb887bf"},
]
"fastapi 0.68.1" = [
    {url = "https://mirrors.aliyun.com/pypi/packages/df/44/ee1976b03404318590bbe4b0ef27007ce2c42b15757aa0c72bc99a4ebae7/fastapi-0.68.1-py3-none-any.whl", hash = "sha256:94d2820906c36b9b8303796fb7271337ec89c74223229e3cfcf056b5a7d59e23"},
    {url = "https://mirrors.aliyun.com/pypi/packages/e0/2a/03c3e1ede3aa83c45da1d156b0180288e573f5e2643ec4fd6d697cebebdf/fastapi-0.68.1.tar.gz", hash = "sha256:644bb815bae326575c4b2842469fb83053a4b974b82fa792ff9283d17fbbd99d"},
]
"greenlet 2.0.1" = [
    {url = "https://mirrors.aliyun.com/pypi/packages/00/0b/5a6cbd757eeb53c4adb3a5037b3e0474a548838d699034982984c9409440/greenlet-2.0.1-cp311-cp311-macosx_10_9_universal2.whl", hash = "sha256:9e112e03d37987d7b90c1e98ba5e1b59e1645226d78d73282f45b326f7bddcb9"},
    {url = "https://mirrors.aliyun.com/pypi/packages/02/a0/3977da8e4d21f37e93b803078cb27e026714161977d8997ba9169913b0b1/greenlet-2.0.1-cp27-cp27m-win_amd64.whl", hash = "sha256:3001d00eba6bbf084ae60ec7f4bb8ed375748f53aeaefaf2a37d9f0370558524"},
    {url = "https://mirrors.aliyun.com/pypi/packages/0a/77/837fb1e3218d1fc539268ae7e558d53d9eca5cbbf102abf6f5752380fbeb/greenlet-2.0.1-cp38-cp38-macosx_10_15_x86_64.whl", hash = "sha256:cd4ccc364cf75d1422e66e247e52a93da6a9b73cefa8cad696f3cbbb75af179d"},
    {url = "https://mirrors.aliyun.com/pypi/packages/0c/29/d6dcf7061d3cab9471ae0576066a40aedcbbb9f9741b52a5f35252ec6f17/greenlet-2.0.1-cp37-cp37m-manylinux_2_17_aarch64.manylinux2014_aarch64.whl", hash = "sha256:d5b0ff9878333823226d270417f24f4d06f235cb3e54d1103b71ea537a6a86ce"},
    {url = "https://mirrors.aliyun.com/pypi/packages/13/76/59877e19553c9b0a9b8ade7a4548e39755e678c69d161ce4fb5b20f55338/greenlet-2.0.1-cp38-cp38-musllinux_1_1_x86_64.whl", hash = "sha256:0109af1138afbfb8ae647e31a2b1ab030f58b21dd8528c27beaeb0093b7938a9"},
    {url = "https://mirrors.aliyun.com/pypi/packages/14/9a/6779fca2a4961efe49e12ed4352334cedb67750dd741f5eb13aec1895844/greenlet-2.0.1-cp36-cp36m-manylinux_2_17_x86_64.manylinux2014_x86_64.whl", hash = "sha256:a4c0757db9bd08470ff8277791795e70d0bf035a011a528ee9a5ce9454b6cba2"},
    {url = "https://mirrors.aliyun.com/pypi/packages/17/ef/264b22b4e88cb90400543bc653eea1aa1b93bdc1bf584429d43b87062b81/greenlet-2.0.1-cp39-cp39-musllinux_1_1_x86_64.whl", hash = "sha256:41b825d65f31e394b523c84db84f9383a2f7eefc13d987f308f4663794d2687e"},
    {url = "https://mirrors.aliyun.com/pypi/packages/1a/ed/72998fb3609f6c4b0817df32e2b98a88bb8510613d12d495bbab8534ebd0/greenlet-2.0.1-cp37-cp37m-manylinux_2_17_x86_64.manylinux2014_x86_64.whl", hash = "sha256:0b493db84d124805865adc587532ebad30efa68f79ad68f11b336e0a51ec86c2"},
    {url = "https://mirrors.aliyun.com/pypi/packages/1c/e2/4ebd0108dfb738c9e00a2f010a53329b3fdac4e6c327cfbb0dee5f33682e/greenlet-2.0.1-cp38-cp38-manylinux2010_x86_64.whl", hash = "sha256:4c8b1c43e75c42a6cafcc71defa9e01ead39ae80bd733a2608b297412beede68"},
    {url = "https://mirrors.aliyun.com/pypi/packages/26/ac/a20b569931f6299095bf1a0be53c9b705d9093318a7bc89c0151db5d8aab/greenlet-2.0.1-cp27-cp27mu-manylinux2010_x86_64.whl", hash = "sha256:d566b82e92ff2e09dd6342df7e0eb4ff6275a3f08db284888dcd98134dbd4243"},
    {url = "https://mirrors.aliyun.com/pypi/packages/30/0f/da31725f79c0ec26bebe5f3eee3ef8434466910b6880e48045a47bcedc3b/greenlet-2.0.1-cp39-cp39-manylinux_2_17_ppc64le.manylinux2014_ppc64le.whl", hash = "sha256:cce1e90dd302f45716a7715517c6aa0468af0bf38e814ad4eab58e88fc09f7f7"},
    {url = "https://mirrors.aliyun.com/pypi/packages/37/d4/016401b6f9c282e681e0660f43a84ef6b9ff75c3339a740fb938f0e51a4a/greenlet-2.0.1-cp36-cp36m-manylinux_2_17_ppc64le.manylinux2014_ppc64le.whl", hash = "sha256:8dca09dedf1bd8684767bc736cc20c97c29bc0c04c413e3276e0962cd7aeb148"},
    {url = "https://mirrors.aliyun.com/pypi/packages/3b/13/e9ca546921df9887f46c25c72fd4a1e0f7293821a803bb25f986c9f96f53/greenlet-2.0.1-cp311-cp311-musllinux_1_1_x86_64.whl", hash = "sha256:13ebf93c343dd8bd010cd98e617cb4c1c1f352a0cf2524c82d3814154116aa82"},
    {url = "https://mirrors.aliyun.com/pypi/packages/3b/c4/01247dcd15d3f9919760bc8c0846f97020e5bacc35b7899cf5cb02313a16/greenlet-2.0.1-cp310-cp310-macosx_10_15_x86_64.whl", hash = "sha256:0722c9be0797f544a3ed212569ca3fe3d9d1a1b13942d10dd6f0e8601e484d26"},
    {url = "https://mirrors.aliyun.com/pypi/packages/40/37/c371ad2720b00869937a159a93f8711338eabb9af618db6f5d4836fe2e0a/greenlet-2.0.1-cp27-cp27m-win32.whl", hash = "sha256:1407fe45246632d0ffb7a3f4a520ba4e6051fc2cbd61ba1f806900c27f47706a"},
    {url = "https://mirrors.aliyun.com/pypi/packages/44/8b/f1938147df360b4fcfe3efd4dd06d12d7509bddac391b1ceb419c8ebca53/greenlet-2.0.1-cp311-cp311-musllinux_1_1_aarch64.whl", hash = "sha256:9f2c221eecb7ead00b8e3ddb913c67f75cba078fd1d326053225a3f59d850d72"},
    {url = "https://mirrors.aliyun.com/pypi/packages/48/dc/ffd65707d554f34862e42b62a0d1b2d826ba417bbb17d5f832cd92ccdcda/greenlet-2.0.1-cp37-cp37m-win32.whl", hash = "sha256:ea688d11707d30e212e0110a1aac7f7f3f542a259235d396f88be68b649e47d1"},
    {url = "https://mirrors.aliyun.com/pypi/packages/4a/6b/f099c2aa8928bcb7bcd14c12ebd4fd63df4ed4ea825012bf7546339d9b4b/greenlet-2.0.1-cp39-cp39-manylinux_2_17_x86_64.manylinux2014_x86_64.whl", hash = "sha256:9e9744c657d896c7b580455e739899e492a4a452e2dd4d2b3e459f6b244a638d"},
    {url = "https://mirrors.aliyun.com/pypi/packages/56/fd/756f7f78ba8f307ac90a7883f426aa564eac4e38d6cc53c11cf72879648b/greenlet-2.0.1-cp38-cp38-manylinux_2_17_x86_64.manylinux2014_x86_64.whl", hash = "sha256:811e1d37d60b47cb8126e0a929b58c046251f28117cb16fcd371eed61f66b764"},
    {url = "https://mirrors.aliyun.com/pypi/packages/57/bd/28bafd6620cb81cb031abb8c9468f253e8cf4b81345e761e90c213e141cb/greenlet-2.0.1-cp27-cp27m-macosx_10_14_x86_64.whl", hash = "sha256:9ed358312e63bf683b9ef22c8e442ef6c5c02973f0c2a939ec1d7b50c974015c"},
    {url = "https://mirrors.aliyun.com/pypi/packages/61/38/791c5ca51a9773a5a999feec5abbef4dd4067cddd504125e6266690a0ad8/greenlet-2.0.1-cp36-cp36m-manylinux_2_17_aarch64.manylinux2014_aarch64.whl", hash = "sha256:974a39bdb8c90a85982cdb78a103a32e0b1be986d411303064b28a80611f6e51"},
    {url = "https://mirrors.aliyun.com/pypi/packages/62/4b/fd139b1a6afba8be9f8c1e06acf0ac35e3cc1ad70795edce8f9587eb54d6/greenlet-2.0.1-cp35-cp35m-win32.whl", hash = "sha256:81b0ea3715bf6a848d6f7149d25bf018fd24554a4be01fcbbe3fdc78e890b955"},
    {url = "https://mirrors.aliyun.com/pypi/packages/63/62/26fe837a910eadb48973458641f2d084967dbfdf000a7fefbb89bef8a753/greenlet-2.0.1-cp310-cp310-manylinux_2_17_ppc64le.manylinux2014_ppc64le.whl", hash = "sha256:be35822f35f99dcc48152c9839d0171a06186f2d71ef76dc57fa556cc9bf6b45"},
    {url = "https://mirrors.aliyun.com/pypi/packages/64/0b/a067f0c78e85abb8356231095735dc0b975efdc8ecc3934b788240bc2eaf/greenlet-2.0.1-cp37-cp37m-macosx_10_15_x86_64.whl", hash = "sha256:cb242fc2cda5a307a7698c93173d3627a2a90d00507bccf5bc228851e8304963"},
    {url = "https://mirrors.aliyun.com/pypi/packages/65/64/2a21081db4a2952a6122c6efaca67c9331dac4b1cd30d862e096f023da59/greenlet-2.0.1-cp36-cp36m-win_amd64.whl", hash = "sha256:097e3dae69321e9100202fc62977f687454cd0ea147d0fd5a766e57450c569fd"},
    {url = "https://mirrors.aliyun.com/pypi/packages/72/07/51644335b344e1295fd7af13eb9a00b16237aea78c96fe5b5b2df1803a71/greenlet-2.0.1-cp38-cp38-manylinux_2_17_ppc64le.manylinux2014_ppc64le.whl", hash = "sha256:356e4519d4dfa766d50ecc498544b44c0249b6de66426041d7f8b751de4d6b48"},
    {url = "https://mirrors.aliyun.com/pypi/packages/72/af/209920ea4a19a74b7638886b180e3144670fd14aec0b3a2a0da90587a67b/greenlet-2.0.1-cp37-cp37m-manylinux_2_17_ppc64le.manylinux2014_ppc64le.whl", hash = "sha256:be9e0fb2ada7e5124f5282d6381903183ecc73ea019568d6d63d33f25b2a9000"},
    {url = "https://mirrors.aliyun.com/pypi/packages/75/ef/db6e0c16df3972f90614bd5ceb969d918a8c53ce4675f75cc641b2ad20ab/greenlet-2.0.1-cp39-cp39-win_amd64.whl", hash = "sha256:b23d2a46d53210b498e5b701a1913697671988f4bf8e10f935433f6e7c332fb6"},
    {url = "https://mirrors.aliyun.com/pypi/packages/78/96/86b6f5d21aa23fcd28987521ff1d71424e891c79b1a1af8ef991c9082b65/greenlet-2.0.1-cp39-cp39-manylinux_2_17_aarch64.manylinux2014_aarch64.whl", hash = "sha256:505138d4fa69462447a562a7c2ef723c6025ba12ac04478bc1ce2fcc279a2db5"},
    {url = "https://mirrors.aliyun.com/pypi/packages/7d/2e/316dd548499c8c1d0adb516bff06ec093a68024942f113ac6c794da09c7b/greenlet-2.0.1-cp39-cp39-macosx_10_15_x86_64.whl", hash = "sha256:b1992ba9d4780d9af9726bbcef6a1db12d9ab1ccc35e5773685a24b7fb2758eb"},
    {url = "https://mirrors.aliyun.com/pypi/packages/7d/7e/da3fd28de12c39804a8797a7dff089de0dd9a7d267b5de42fe029a308469/greenlet-2.0.1-cp35-cp35m-manylinux2010_x86_64.whl", hash = "sha256:f6327b6907b4cb72f650a5b7b1be23a2aab395017aa6f1adb13069d66360eb3f"},
    {url = "https://mirrors.aliyun.com/pypi/packages/80/2c/7080f662dfe235e574826c144a48859e9a1588f1ba2bb65e297cc094f66b/greenlet-2.0.1-cp37-cp37m-musllinux_1_1_x86_64.whl", hash = "sha256:a20d33124935d27b80e6fdacbd34205732660e0a1d35d8b10b3328179a2b51a1"},
    {url = "https://mirrors.aliyun.com/pypi/packages/82/99/ec66a82aa3b6da6df577bdb8448a856f703f163ac920918ed785ca1a07ea/greenlet-2.0.1-cp37-cp37m-manylinux2010_x86_64.whl", hash = "sha256:72b00a8e7c25dcea5946692a2485b1a0c0661ed93ecfedfa9b6687bd89a24ef5"},
    {url = "https://mirrors.aliyun.com/pypi/packages/88/27/24bb86495d9ef39122229b2ac5c2c338f14334f69305e2ce51855b234c71/greenlet-2.0.1-cp38-cp38-win_amd64.whl", hash = "sha256:d6ee1aa7ab36475035eb48c01efae87d37936a8173fc4d7b10bb02c2d75dd8f6"},
    {url = "https://mirrors.aliyun.com/pypi/packages/8c/c5/ccdd89c89eb4bdf54f891deaafa57201f1d8fe8960e30b15869199470593/greenlet-2.0.1-cp36-cp36m-win32.whl", hash = "sha256:3d75b8d013086b08e801fbbb896f7d5c9e6ccd44f13a9241d2bf7c0df9eda928"},
    {url = "https://mirrors.aliyun.com/pypi/packages/8d/34/bcd0848d4f748831058aabf76749f5979bc3c656770be511a11cbd58da4f/greenlet-2.0.1-cp310-cp310-musllinux_1_1_x86_64.whl", hash = "sha256:fb412b7db83fe56847df9c47b6fe3f13911b06339c2aa02dcc09dce8bbf582cd"},
    {url = "https://mirrors.aliyun.com/pypi/packages/93/45/d8990ab748feec26be644761862e22a138b4f4a287a665ecad0219c9ba71/greenlet-2.0.1-cp311-cp311-manylinux_2_17_x86_64.manylinux2014_x86_64.whl", hash = "sha256:1bf633a50cc93ed17e494015897361010fc08700d92676c87931d3ea464123ce"},
    {url = "https://mirrors.aliyun.com/pypi/packages/95/a4/d89fd972a69454f0cfd67192d3fdbf82d9b9a9271c30c76ea4e0e57ad745/greenlet-2.0.1-cp37-cp37m-win_amd64.whl", hash = "sha256:afe07421c969e259e9403c3bb658968702bc3b78ec0b6fde3ae1e73440529c23"},
    {url = "https://mirrors.aliyun.com/pypi/packages/9a/b5/d5bc7914e8a2cee35d54eb2f8a70536c4cd1cbb66b0892ac9cff2777c955/greenlet-2.0.1-cp38-cp38-win32.whl", hash = "sha256:88c8d517e78acdf7df8a2134a3c4b964415b575d2840a2746ddb1cc6175f8608"},
    {url = "https://mirrors.aliyun.com/pypi/packages/a4/12/fb767fec85b9cefe7110428191cd6a74d22a1dcf563f955444f11855a1b7/greenlet-2.0.1-cp311-cp311-manylinux_2_17_aarch64.manylinux2014_aarch64.whl", hash = "sha256:56961cfca7da2fdd178f95ca407fa330c64f33289e1804b592a77d5593d9bd94"},
    {url = "https://mirrors.aliyun.com/pypi/packages/ab/63/7051c4702001be50f6fff239ea208bf0eae2148e206395fa2865c2da721a/greenlet-2.0.1-cp38-cp38-manylinux_2_17_aarch64.manylinux2014_aarch64.whl", hash = "sha256:659f167f419a4609bc0516fb18ea69ed39dbb25594934bd2dd4d0401660e8a1e"},
    {url = "https://mirrors.aliyun.com/pypi/packages/b5/c5/827149685292c53e5da546351e4f40f5a8513f200d920ae80423963dadef/greenlet-2.0.1-cp310-cp310-manylinux_2_17_aarch64.manylinux2014_aarch64.whl", hash = "sha256:4d37990425b4687ade27810e3b1a1c37825d242ebc275066cfee8cb6b8829ccd"},
    {url = "https://mirrors.aliyun.com/pypi/packages/b7/52/51b365ec7123a10a76f5d0cc7fc812f14e22b7823d49b816e1f55785d648/greenlet-2.0.1-cp310-cp310-win_amd64.whl", hash = "sha256:c6a08799e9e88052221adca55741bf106ec7ea0710bca635c208b751f0d5b617"},
    {url = "https://mirrors.aliyun.com/pypi/packages/b8/0a/199f646c0a525a5d1ea396efa0db82caaef895a51d9cfb83b5447efac285/greenlet-2.0.1-cp39-cp39-manylinux2010_x86_64.whl", hash = "sha256:b5e83e4de81dcc9425598d9469a624826a0b1211380ac444c7c791d4a2137c19"},
    {url = "https://mirrors.aliyun.com/pypi/packages/bc/29/71f9b473bde6164d75eec241fde77d31ad04b58ae286068ff805199e14ac/greenlet-2.0.1-cp35-cp35m-win_amd64.whl", hash = "sha256:38255a3f1e8942573b067510f9611fc9e38196077b0c8eb7a8c795e105f9ce77"},
    {url = "https://mirrors.aliyun.com/pypi/packages/bd/c0/5b88c82604aa11272b27da3fbc9328438ff68bb25e4c1591e065308826d2/greenlet-2.0.1-cp311-cp311-win_amd64.whl", hash = "sha256:6f61d71bbc9b4a3de768371b210d906726535d6ca43506737682caa754b956cd"},
    {url = "https://mirrors.aliyun.com/pypi/packages/bf/b3/5805253348519f06b23a1682cb03fa4c9311eabaf4df40f397a45105e391/greenlet-2.0.1-cp39-cp39-win32.whl", hash = "sha256:db38f80540083ea33bdab614a9d28bcec4b54daa5aff1668d7827a9fc769ae0a"},
    {url = "https://mirrors.aliyun.com/pypi/packages/c4/b8/cf300eb2b06084ed642855379ccd2ac50627954ee0d9ba2f4c1bd73027bb/greenlet-2.0.1-cp27-cp27m-manylinux2010_x86_64.whl", hash = "sha256:4f09b0010e55bec3239278f642a8a506b91034f03a4fb28289a7d448a67f1515"},
    {url = "https://mirrors.aliyun.com/pypi/packages/c8/61/512afbd6cd0472b5361bcb4999bc3db472eadd377e64218596b9d061c6c5/greenlet-2.0.1-cp36-cp36m-musllinux_1_1_x86_64.whl", hash = "sha256:5a8e05057fab2a365c81abc696cb753da7549d20266e8511eb6c9d9f72fe3e92"},
    {url = "https://mirrors.aliyun.com/pypi/packages/cb/ea/ae12dab020482e09ee71e0428b5bde522ffdade92ad04065ed7376a024b4/greenlet-2.0.1-cp311-cp311-manylinux_2_17_ppc64le.manylinux2014_ppc64le.whl", hash = "sha256:13ba6e8e326e2116c954074c994da14954982ba2795aebb881c07ac5d093a58a"},
    {url = "https://mirrors.aliyun.com/pypi/packages/dc/59/e1df96dc26b207171c89bd486caeeb891c9aa1d5c0be9a859b0eead5239f/greenlet-2.0.1-cp36-cp36m-manylinux2010_x86_64.whl", hash = "sha256:4aeaebcd91d9fee9aa768c1b39cb12214b30bf36d2b7370505a9f2165fedd8d9"},
    {url = "https://mirrors.aliyun.com/pypi/packages/dc/b7/3c347dfcbd9b1976890b71e88c9e8972378af4f724b7595b3adf3e861a4f/greenlet-2.0.1-cp36-cp36m-macosx_10_14_x86_64.whl", hash = "sha256:04957dc96669be041e0c260964cfef4c77287f07c40452e61abe19d647505581"},
    {url = "https://mirrors.aliyun.com/pypi/packages/dd/5e/7309beef044bb4ceb0f052dc3797678a5f4eb6d07789787b2e4a15803b7a/greenlet-2.0.1-cp310-cp310-manylinux_2_17_x86_64.manylinux2014_x86_64.whl", hash = "sha256:c140e7eb5ce47249668056edf3b7e9900c6a2e22fb0eaf0513f18a1b2c14e1da"},
    {url = "https://mirrors.aliyun.com/pypi/packages/e1/1f/b5b8099362fd1c4a45a1763981a2c8885344d19952970bebefa2b73edc0d/greenlet-2.0.1-cp310-cp310-musllinux_1_1_aarch64.whl", hash = "sha256:d21681f09e297a5adaa73060737e3aa1279a13ecdcfcc6ef66c292cb25125b2d"},
    {url = "https://mirrors.aliyun.com/pypi/packages/e9/f3/d020c777e22c284199b6771c71907c923d9c2cf84bca8612077333d3ded6/greenlet-2.0.1-cp35-cp35m-macosx_10_14_x86_64.whl", hash = "sha256:2d0bac0385d2b43a7bd1d651621a4e0f1380abc63d6fb1012213a401cbd5bf8f"},
    {url = "https://mirrors.aliyun.com/pypi/packages/fd/6a/f07b0028baff9bca61ecfcd9ee021e7e33369da8094f00eff409f2ff32be/greenlet-2.0.1.tar.gz", hash = "sha256:42e602564460da0e8ee67cb6d7236363ee5e131aa15943b6670e44e5c2ed0f67"},
    {url = "https://mirrors.aliyun.com/pypi/packages/ff/ab/31c5327752c3381a9d3b2599245f4c2c21e9f3c73039fa4f34725562a7dd/greenlet-2.0.1-cp36-cp36m-musllinux_1_1_aarch64.whl", hash = "sha256:5067920de254f1a2dee8d3d9d7e4e03718e8fd2d2d9db962c8c9fa781ae82a39"},
]
"importlib-metadata 4.8.3" = [
    {url = "https://mirrors.aliyun.com/pypi/packages/85/ed/e65128cc5cb1580f22ee3009d9187ecdfcc43ffb3b581fe854b24e87d8e7/importlib_metadata-4.8.3.tar.gz", hash = "sha256:766abffff765960fcc18003801f7044eb6755ffae4521c8e8ce8e83b9c9b0668"},
    {url = "https://mirrors.aliyun.com/pypi/packages/a0/a1/b153a0a4caf7a7e3f15c2cd56c7702e2cf3d89b1b359d1f1c5e59d68f4ce/importlib_metadata-4.8.3-py3-none-any.whl", hash = "sha256:65a9576a5b2d58ca44d133c42a241905cc45e34d2c06fd5ba2bafa221e5d7b5e"},
]
"pydantic 1.7.4" = [
    {url = "https://mirrors.aliyun.com/pypi/packages/06/66/ade01db733c025f5f7a05a4545edd96584f71b3d624212da3c586659f8f3/pydantic-1.7.4-cp39-cp39-manylinux2014_x86_64.whl", hash = "sha256:e87edd753da0ca1d44e308a1b1034859ffeab1f4a4492276bff9e1c3230db4fe"},
    {url = "https://mirrors.aliyun.com/pypi/packages/07/98/dcc50c90c2777d28c90e14e54bb7e9a22011148e1e76ea379c79857b73b6/pydantic-1.7.4-cp39-cp39-manylinux1_i686.whl", hash = "sha256:d24aa3f7f791a023888976b600f2f389d3713e4f23b7a4c88217d3fce61cdffc"},
    {url = "https://mirrors.aliyun.com/pypi/packages/0f/bd/43e183ea75689839ec17eb319a81cb866ed90abdfd3fda4d4b075ba219ff/pydantic-1.7.4-cp37-cp37m-manylinux1_i686.whl", hash = "sha256:3b8154babf30a5e0fa3aa91f188356763749d9b30f7f211fafb247d4256d7877"},
    {url = "https://mirrors.aliyun.com/pypi/packages/12/5e/f89d07ab1315defeb015132f23a062458d272ebea9a710d210d6b6c06154/pydantic-1.7.4-cp38-cp38-manylinux1_i686.whl", hash = "sha256:1f86d4da363badb39426a0ff494bf1d8510cd2f7274f460eee37bdbf2fd495ec"},
    {url = "https://mirrors.aliyun.com/pypi/packages/14/9c/95ba90b5888d5ec4f13ae85a93032dfc427de9eec9f36dc03dcaf720ad8b/pydantic-1.7.4-cp39-cp39-win_amd64.whl", hash = "sha256:a3026ee105b5360855e500b4abf1a1d0b034d88e75a2d0d66a4c35e60858e15b"},
    {url = "https://mirrors.aliyun.com/pypi/packages/29/65/37c17c0c68522589f565378158d3d79bf87d9daf0d5542b125d6b742b76a/pydantic-1.7.4-cp37-cp37m-macosx_10_9_x86_64.whl", hash = "sha256:4c92863263e4bd89e4f9cf1ab70d918170c51bd96305fe7b00853d80660acb26"},
    {url = "https://mirrors.aliyun.com/pypi/packages/2c/57/7a0e03c57c9c33701cae278297593782088ca80e60a5001958fa263c8eea/pydantic-1.7.4-cp38-cp38-manylinux2014_x86_64.whl", hash = "sha256:e28455b42a0465a7bf2cde5eab530389226ce7dc779de28d17b8377245982b1e"},
    {url = "https://mirrors.aliyun.com/pypi/packages/2f/40/c29b24df461af767033cdc782e3c78d7956083593e14654b98f039b35acb/pydantic-1.7.4-cp36-cp36m-macosx_10_9_x86_64.whl", hash = "sha256:3c60039e84552442defbcb5d56711ef0e057028ca7bfc559374917408a88d84e"},
    {url = "https://mirrors.aliyun.com/pypi/packages/2f/91/c0829599e8281492e40ff69a0d88340713a37fb0facd187fabfab53d6915/pydantic-1.7.4.tar.gz", hash = "sha256:0a1abcbd525fbb52da58c813d54c2ec706c31a91afdb75411a73dd1dec036595"},
    {url = "https://mirrors.aliyun.com/pypi/packages/4e/00/0cd4571409b3df0df2ddddbbba2aa865e7fab19cd8c1f178731e4bda3130/pydantic-1.7.4-cp36-cp36m-manylinux1_i686.whl", hash = "sha256:6e7e314acb170e143c6f3912f93f2ec80a96aa2009ee681356b7ce20d57e5c62"},
    {url = "https://mirrors.aliyun.com/pypi/packages/5e/df/2e844ef460e7f4f3a60fcdaa34bd11c52e4b7cb7edb1c5a47ae9017e420d/pydantic-1.7.4-cp39-cp39-macosx_10_9_x86_64.whl", hash = "sha256:00250e5123dd0b123ff72be0e1b69140e0b0b9e404d15be3846b77c6f1b1e387"},
    {url = "https://mirrors.aliyun.com/pypi/packages/60/52/351338bb7992259d41647bd010b93a372ce566361ead49ca42a87e028260/pydantic-1.7.4-cp36-cp36m-win_amd64.whl", hash = "sha256:66757d4e1eab69a3cfd3114480cc1d72b6dd847c4d30e676ae838c6740fdd146"},
    {url = "https://mirrors.aliyun.com/pypi/packages/70/a9/508c8e972f11ab38a8a7244fa90a7976d8099ddfe4b58e02f97c0d763b49/pydantic-1.7.4-cp36-cp36m-manylinux2014_x86_64.whl", hash = "sha256:115d8aa6f257a1d469c66b6bfc7aaf04cd87c25095f24542065c68ebcb42fe63"},
    {url = "https://mirrors.aliyun.com/pypi/packages/8f/83/0cf80db706ce669413332afa8b1df294474c6d7aef96c61cd356a3b5554a/pydantic-1.7.4-cp39-cp39-manylinux2014_i686.whl", hash = "sha256:2c44a9afd4c4c850885436a4209376857989aaf0853c7b118bb2e628d4b78c4e"},
    {url = "https://mirrors.aliyun.com/pypi/packages/9b/c4/1cf259a9d56876439dc06de326a8318fd953ca264dd48fc78d8653180367/pydantic-1.7.4-cp37-cp37m-manylinux2014_i686.whl", hash = "sha256:80cc46378505f7ff202879dcffe4bfbf776c15675028f6e08d1d10bdfbb168ac"},
    {url = "https://mirrors.aliyun.com/pypi/packages/aa/61/dd79a2085b39954a68c7d6cc9bc826ee9ebad0b9dddf784576f15d1670c7/pydantic-1.7.4-cp36-cp36m-manylinux2014_i686.whl", hash = "sha256:8ef77cd17b73b5ba46788d040c0e820e49a2d80cfcd66fda3ba8be31094fd146"},
    {url = "https://mirrors.aliyun.com/pypi/packages/ae/fb/10603f430aeab54a215a18dedecab3bd4a184864fab559cb8da5637d45fc/pydantic-1.7.4-cp38-cp38-macosx_10_9_x86_64.whl", hash = "sha256:8857576600c32aa488f18d30833aa833b54a48e3bab3adb6de97e463af71f8f8"},
    {url = "https://mirrors.aliyun.com/pypi/packages/b2/54/3b4e2798d210ba9293e48329dfd759904bec6f57c80b65efccb10349cd7c/pydantic-1.7.4-cp38-cp38-manylinux2014_i686.whl", hash = "sha256:3ea1256a9e782149381e8200119f3e2edea7cd6b123f1c79ab4bbefe4d9ba2c9"},
    {url = "https://mirrors.aliyun.com/pypi/packages/bc/bc/05fbd7570f5180d88b9b842118fdf07f90715f24842172275a4b221e2641/pydantic-1.7.4-cp38-cp38-win_amd64.whl", hash = "sha256:47c5b1d44934375a3311891cabd450c150a31cf5c22e84aa172967bf186718be"},
    {url = "https://mirrors.aliyun.com/pypi/packages/ca/fa/d43f31874e1f2a9633e4c025be310f2ce7a8350017579e9e837a62630a7e/pydantic-1.7.4-cp37-cp37m-manylinux2014_x86_64.whl", hash = "sha256:dda60d7878a5af2d8560c55c7c47a8908344aa78d32ec1c02d742ede09c534df"},
    {url = "https://mirrors.aliyun.com/pypi/packages/e6/ab/48e9fba6288d5edc03d8d03834889df860eccda0d674c4b420e1599c8b36/pydantic-1.7.4-cp37-cp37m-win_amd64.whl", hash = "sha256:4c1979d5cc3e14b35f0825caddea5a243dd6085e2a7539c006bc46997ef7a61a"},
    {url = "https://mirrors.aliyun.com/pypi/packages/ed/12/72633da8bf0428fd0a7d2915073f4bc03fcdc2ebc0f703e56af597ac45db/pydantic-1.7.4-py3-none-any.whl", hash = "sha256:a82385c6d5a77e3387e94612e3e34b77e13c39ff1295c26e3ba664e7b98073e2"},
]
"sqlalchemy 1.4.43" = [
    {url = "https://mirrors.aliyun.com/pypi/packages/0a/72/95c77e71fb1d37ea471abfedf456e8de23b8c6a90b3af8d4d24dac331f88/SQLAlchemy-1.4.43-cp36-cp36m-macosx_10_14_x86_64.whl", hash = "sha256:ed1c950aba723b7a5b702b88f05d883607c587de918d7d8c2014fe7f55cf67e0"},
    {url = "https://mirrors.aliyun.com/pypi/packages/16/c2/e8740f600450cdd641ebf9549e8fdd5f353ac6f98dc17b7a80e1a2aa418d/SQLAlchemy-1.4.43-cp38-cp38-manylinux_2_5_x86_64.manylinux1_x86_64.manylinux_2_17_x86_64.manylinux2014_x86_64.whl", hash = "sha256:35dc0a5e934c41e282e019c889069b01ff4cd356b2ea452c9985e1542734cfb1"},
    {url = "https://mirrors.aliyun.com/pypi/packages/17/87/0d3f3109e8ba8e4782991162e3375d43bb149e4ee105da0c5072be6e8775/SQLAlchemy-1.4.43-cp27-cp27m-win32.whl", hash = "sha256:7d6293010aa0af8bd3b0c9993259f8979db2422d6abf85a31d70ec69cb2ee4dc"},
    {url = "https://mirrors.aliyun.com/pypi/packages/1d/d0/f9d8cf4c71aeb0c605f49044f130c238b851d85ec07af6e71b6d199190af/SQLAlchemy-1.4.43-cp310-cp310-win_amd64.whl", hash = "sha256:962c7c80c54a42836c47cb0d8a53016986c8584e8d98e90e2ea723a4ed0ba85b"},
    {url = "https://mirrors.aliyun.com/pypi/packages/2d/f3/dba5844b5b1921f1547b9727460d4fa425fae5f39631ebe08105babeb574/SQLAlchemy-1.4.43-cp27-cp27m-win_amd64.whl", hash = "sha256:27479b5a1e110e64c56b18ffbf8cf99e101572a3d1a43943ea02158f1304108e"},
    {url = "https://mirrors.aliyun.com/pypi/packages/2f/43/02782b228b4d18bf40b9f817a2e72f30d97a793c511b57c6aafe25e7a7f0/SQLAlchemy-1.4.43-cp39-cp39-manylinux_2_17_aarch64.manylinux2014_aarch64.whl", hash = "sha256:bd80300d81d92661e2488a4bf4383f0c5dc6e7b05fa46d2823e231af4e30539a"},
    {url = "https://mirrors.aliyun.com/pypi/packages/35/59/c4923e6e80cd53dd722522be95d657df912b6aa40d063bc6a0a0d0ffeabf/SQLAlchemy-1.4.43-cp39-cp39-manylinux_2_5_x86_64.manylinux1_x86_64.manylinux_2_17_x86_64.manylinux2014_x86_64.whl", hash = "sha256:6b462c070769f0ef06ea5fe65206b970bcf2b59cb3fda2bec2f4729e1be89c13"},
    {url = "https://mirrors.aliyun.com/pypi/packages/38/2e/b5df500647b6a631a1e236f49a0ccfe8692ad593edd13f06966b5b79e51b/SQLAlchemy-1.4.43-cp36-cp36m-manylinux_2_5_x86_64.manylinux1_x86_64.manylinux_2_17_x86_64.manylinux2014_x86_64.whl", hash = "sha256:a22f46440e61d90100e0f378faac40335fb5bbf278472df0d83dc15b653b9896"},
    {url = "https://mirrors.aliyun.com/pypi/packages/3d/eb/0bf046a351ae38c80b475e98b741a3b91fcd48633d3a0a9076319d1e9a47/SQLAlchemy-1.4.43-cp39-cp39-manylinux_2_5_x86_64.manylinux1_x86_64.manylinux_2_12_x86_64.manylinux2010_x86_64.whl", hash = "sha256:c3dde668edea70dc8d55a74d933d5446e5a97786cdd1c67c8e4971c73bd087ad"},
    {url = "https://mirrors.aliyun.com/pypi/packages/4b/fc/4515f5954c77d3da0bd4a966ae49123a908a90878754f719408fd0aa54ff/SQLAlchemy-1.4.43-cp37-cp37m-win32.whl", hash = "sha256:dc1e005d490c101d27657481a05765851ab795cc8aedeb8d9425595088b20736"},
    {url = "https://mirrors.aliyun.com/pypi/packages/50/2d/6c1a8f91a1e64f3fd0c6fefd26bb4e7f4369f84622a87038854ad90b9dc1/SQLAlchemy-1.4.43-cp37-cp37m-macosx_10_15_x86_64.whl", hash = "sha256:736d4e706adb3c95a0a7e660073a5213dfae78ff2df6addf8ff2918c83fbeebe"},
    {url = "https://mirrors.aliyun.com/pypi/packages/51/8c/91b5112cbce5c2013dacd7d5faa29d355f001157f2bef0e56a89ca4be4a6/SQLAlchemy-1.4.43-cp38-cp38-win32.whl", hash = "sha256:fb9a44e7124f72b79023ab04e1c8fcd8f392939ef0d7a75beae8634e15605d30"},
    {url = "https://mirrors.aliyun.com/pypi/packages/5d/d4/37398fd46477773ac940c404bc75407a47c18895d5da63979fe18ef02d57/SQLAlchemy-1.4.43-cp36-cp36m-manylinux_2_5_x86_64.manylinux1_x86_64.manylinux_2_12_x86_64.manylinux2010_x86_64.whl", hash = "sha256:41df873cdae1d56fde97a1b4f6ffa118f40e4b2d6a6aa8c25c50eea31ecbeb08"},
    {url = "https://mirrors.aliyun.com/pypi/packages/5f/14/6c83a3ad6e3536698ff245235db4015b67af1f3ddd21d8242c7cd2ac7bbc/SQLAlchemy-1.4.43-cp36-cp36m-manylinux_2_17_aarch64.manylinux2014_aarch64.whl", hash = "sha256:f5438f6c768b7e928f0463777b545965648ba0d55877afd14a4e96d2a99702e7"},
    {url = "https://mirrors.aliyun.com/pypi/packages/5f/7c/ee464e69570f70dca3568fbf440228310d7125c804bb6c486a855bc3e348/SQLAlchemy-1.4.43-cp38-cp38-win_amd64.whl", hash = "sha256:4a791e7a1e5ac33f70a3598f8f34fdd3b60c68593bbb038baf58bc50e02d7468"},
    {url = "https://mirrors.aliyun.com/pypi/packages/65/6d/b0c70433044a8d30ae5618d2eb4026a91d520638fa3320cdced1362f06a7/SQLAlchemy-1.4.43-cp39-cp39-win_amd64.whl", hash = "sha256:a7fa3e57a7b0476fbcba72b231150503d53dbcbdd23f4a86be5152912a923b6e"},
    {url = "https://mirrors.aliyun.com/pypi/packages/68/a1/056ddd6fc05a17113f78cbaeeb9bc3fd7c0d8632e5efab0c869f575a45b7/SQLAlchemy-1.4.43-cp27-cp27mu-manylinux_2_5_x86_64.manylinux1_x86_64.whl", hash = "sha256:13ce4f3a068ec4ef7598d2a77f42adc3d90c76981f5a7c198756b25c4f4a22ea"},
    {url = "https://mirrors.aliyun.com/pypi/packages/6f/2e/23dfa32b8ffa3f2836a0a7e20e5139e22d0a36c341f6eb845611b920337e/SQLAlchemy-1.4.43-cp37-cp37m-win_amd64.whl", hash = "sha256:c9a6e878e63286392b262d86d21fe16e6eec12b95ccb0a92c392f2b1e0acca03"},
    {url = "https://mirrors.aliyun.com/pypi/packages/76/78/782adf06c9de5c147dfd1909ccdd16ed3d48a20d045153633301e028ebdc/SQLAlchemy-1.4.43-cp27-cp27m-macosx_10_14_x86_64.whl", hash = "sha256:491d94879f9ec0dea7e1cb053cd9cc65a28d2467960cf99f7b3c286590406060"},
    {url = "https://mirrors.aliyun.com/pypi/packages/7c/fe/d98af0080ceeb8e8187d2e7d3d6116a72e844081f44871eadd6403d326c0/SQLAlchemy-1.4.43-cp36-cp36m-win_amd64.whl", hash = "sha256:c1ced2fae7a1177a36cf94d0a5567452d195d3b4d7d932dd61f123fb15ddf87b"},
    {url = "https://mirrors.aliyun.com/pypi/packages/7e/12/c9a8201b886dd77cc4e0e4ea521b8bc4796056f5950057648c68995453ea/SQLAlchemy-1.4.43-cp37-cp37m-manylinux_2_5_x86_64.manylinux1_x86_64.manylinux_2_17_x86_64.manylinux2014_x86_64.whl", hash = "sha256:ee9613b0460dce970414cfc990ca40afe518bc139e697243fcdf890285fb30ac"},
    {url = "https://mirrors.aliyun.com/pypi/packages/82/58/f6fdb1ecb83c5658e148f9d95e7d8139390f535c4689c4425baf35e80543/SQLAlchemy-1.4.43-cp27-cp27m-manylinux_2_5_x86_64.manylinux1_x86_64.whl", hash = "sha256:eeb55a555eef1a9607c1635bbdddd0b8a2bb9713bcb5bc8da1e8fae8ee46d1d8"},
    {url = "https://mirrors.aliyun.com/pypi/packages/83/3e/e95a28afd9e6b5b9969d91b4852bce5fb775973814fd0d87534fc3c022cb/SQLAlchemy-1.4.43-cp311-cp311-win32.whl", hash = "sha256:0c8a174f23bc021aac97bcb27fbe2ae3d4652d3d23e5768bc2ec3d44e386c7eb"},
    {url = "https://mirrors.aliyun.com/pypi/packages/a7/02/0aa0cc6f46d335dab752be14c777f9906be7bd72ee349124cbe6c990b212/SQLAlchemy-1.4.43-cp38-cp38-manylinux_2_17_aarch64.manylinux2014_aarch64.whl", hash = "sha256:2fef01240d32ada9007387afd8e0b2230f99efdc4b57ca6f1d1192fca4fcf6a5"},
    {url = "https://mirrors.aliyun.com/pypi/packages/a8/75/1765db1f21e7aefb1732a067b30b51caa02477e03a5c8b35e1e0ec64fba3/SQLAlchemy-1.4.43-cp37-cp37m-manylinux_2_17_aarch64.manylinux2014_aarch64.whl", hash = "sha256:23a4569d3db1ce44370d05c5ad79be4f37915fcc97387aef9da232b95db7b695"},
    {url = "https://mirrors.aliyun.com/pypi/packages/ae/92/815bc4dbd071ec9e215685c31e3ba86269876a2cb36eed38b2da63a22295/SQLAlchemy-1.4.43.tar.gz", hash = "sha256:c628697aad7a141da8fc3fd81b4874a711cc84af172e1b1e7bbfadf760446496"},
    {url = "https://mirrors.aliyun.com/pypi/packages/b6/bf/6b01d4fad398f1faf630b21c743504c41c6f959846f6bcda902c63a96586/SQLAlchemy-1.4.43-cp310-cp310-manylinux_2_5_x86_64.manylinux1_x86_64.manylinux_2_17_x86_64.manylinux2014_x86_64.whl", hash = "sha256:4abda3e693d24169221ffc7aa0444ccef3dc43dfeab6ad8665d3836751cd6af7"},
    {url = "https://mirrors.aliyun.com/pypi/packages/b6/c4/3aa2bb01ae7a7460f2715d78416eb7585d565b64c5bae26c1077a4c75cb2/SQLAlchemy-1.4.43-cp311-cp311-manylinux_2_17_aarch64.manylinux2014_aarch64.whl", hash = "sha256:d05d7365c2d1df03a69d90157a3e9b3e7b62088cca8ee6686aed2598659a6e14"},
    {url = "https://mirrors.aliyun.com/pypi/packages/b7/99/1c6b50d75429f734b602fc1ab458232cce743e7f3f646f5aed5bfd33849d/SQLAlchemy-1.4.43-cp39-cp39-win32.whl", hash = "sha256:c1f5bfffc3227d05d90c557b10604962f655b4a83c9f3ad507a81ac8d6847679"},
    {url = "https://mirrors.aliyun.com/pypi/packages/ba/ee/ee3637fc9ecace4d75c828d16b817aea8f14476e235d10774480f8db1ae6/SQLAlchemy-1.4.43-cp311-cp311-macosx_10_9_universal2.whl", hash = "sha256:f6e036714a586f757a3e12ff0798ce9a90aa04a60cff392d8bcacc5ecf79c95e"},
    {url = "https://mirrors.aliyun.com/pypi/packages/bf/1d/79f8f50ebe00787437508eb5bc9e656ca00f8a3cc259e32d0b5f6cab42da/SQLAlchemy-1.4.43-cp38-cp38-manylinux_2_5_x86_64.manylinux1_x86_64.manylinux_2_12_x86_64.manylinux2010_x86_64.whl", hash = "sha256:b6fd58e25e6cdd2a131d7e97f9713f8f2142360cd40c75af8aa5b83d535f811c"},
    {url = "https://mirrors.aliyun.com/pypi/packages/c7/cc/cd0a0375bb4e4f721c951d86306a1f9b6cc75643a2b7e697d8be8fba063b/SQLAlchemy-1.4.43-cp311-cp311-manylinux_2_5_x86_64.manylinux1_x86_64.manylinux_2_17_x86_64.manylinux2014_x86_64.whl", hash = "sha256:59bd0ae166253f7fed8c3f4f6265d2637f25d2f6614d00df34d7ee0d95d29c91"},
    {url = "https://mirrors.aliyun.com/pypi/packages/d1/95/9e511dfda2c69afe4db90eefc0d7386aa1a86c9151f6647c1f96898650e3/SQLAlchemy-1.4.43-cp310-cp310-manylinux_2_17_aarch64.manylinux2014_aarch64.whl", hash = "sha256:1d16aca30fad4753aeb4ebde564bbd4a248b9673e4f879b940f4e806a17be87f"},
    {url = "https://mirrors.aliyun.com/pypi/packages/d3/78/fe387d78dd39b567cb5d523554e3d6271315483a7431ff20aabaaee963f6/SQLAlchemy-1.4.43-cp38-cp38-macosx_10_15_x86_64.whl", hash = "sha256:c6de20de7c19b965c007c9da240268dde1451865099ca10f0f593c347041b845"},
    {url = "https://mirrors.aliyun.com/pypi/packages/da/d1/58bf196f6e41278772f79adc0f1d5ac6243f26261c17f56685cb0d235200/SQLAlchemy-1.4.43-cp310-cp310-manylinux_2_5_x86_64.manylinux1_x86_64.manylinux_2_12_x86_64.manylinux2010_x86_64.whl", hash = "sha256:cde363fb5412ab178f1cc1e596e9cfc396464da8a4fe8e733cc6d6b4e2c23aa9"},
    {url = "https://mirrors.aliyun.com/pypi/packages/e4/21/574e7bb93cb886e2263558ceab32e16567fa2a190724ebc83e8aee175061/SQLAlchemy-1.4.43-cp36-cp36m-win32.whl", hash = "sha256:529e2cc8af75811114e5ab2eb116fd71b6e252c6bdb32adbfcd5e0c5f6d5ab06"},
    {url = "https://mirrors.aliyun.com/pypi/packages/ed/62/34265f0c7c4bef8bc91a91062731d2e622e35ad1b533a7bde25d9e31f376/SQLAlchemy-1.4.43-cp310-cp310-win32.whl", hash = "sha256:fa46d86a17cccd48c6762df1a60aecf5aaa2e0c0973efacf146c637694b62ffd"},
    {url = "https://mirrors.aliyun.com/pypi/packages/f1/d3/e58ae08c534527197712fdcc509758ce42610d374940f848f8497bb006f2/SQLAlchemy-1.4.43-cp39-cp39-macosx_10_15_x86_64.whl", hash = "sha256:c9b59863e2b1f1e1ebf9ee517f86cdfa82d7049c8d81ad71ab58d442b137bbe9"},
    {url = "https://mirrors.aliyun.com/pypi/packages/f6/3e/f7faf79bfa496a397ae7cc2a533a13671c8ced3aa361f9b4a866fedef8a3/SQLAlchemy-1.4.43-cp37-cp37m-manylinux_2_5_x86_64.manylinux1_x86_64.manylinux_2_12_x86_64.manylinux2010_x86_64.whl", hash = "sha256:42bff29eaecbb284f614f4bb265bb0c268625f5b93ce6268f8017811e0afbdde"},
    {url = "https://mirrors.aliyun.com/pypi/packages/fc/ec/fd4ac858d1a14882ea6c26a64170db262959ee806cbfb87c73d3fe1ae597/SQLAlchemy-1.4.43-cp311-cp311-win_amd64.whl", hash = "sha256:5d5937e1bf7921e4d1acdfad72dd98d9e7f9ea5c52aeb12b3b05b534b527692d"},
    {url = "https://mirrors.aliyun.com/pypi/packages/fe/7d/8b1d2d6f2d6f44d68195919c5c8a4737a0f01d22024a845b47e8c2ee27c6/SQLAlchemy-1.4.43-cp310-cp310-macosx_10_15_x86_64.whl", hash = "sha256:aa12e27cb465b4b006ffb777624fc6023363e01cfed2d3f89d33fb6da80f6de2"},
]
"starlette 0.14.2" = [
    {url = "https://mirrors.aliyun.com/pypi/packages/15/34/db1890f442a1cd3a2c761f4109a0eb4e63503218d70a8c8e97faa09a5500/starlette-0.14.2-py3-none-any.whl", hash = "sha256:3c8e48e52736b3161e34c9f0e8153b4f32ec5d8995a3ee1d59410d92f75162ed"},
    {url = "https://mirrors.aliyun.com/pypi/packages/3a/06/ded663a1ddea8b11a2027d88ff0e757f9cdb812310f18bee33ef7270112f/starlette-0.14.2.tar.gz", hash = "sha256:7d49f4a27f8742262ef1470608c59ddbc66baf37c148e938c7038e6bc7a998aa"},
]
"typer 0.7.0" = [
    {url = "https://mirrors.aliyun.com/pypi/packages/0d/44/56c3f48d2bb83d76f5c970aef8e2c3ebd6a832f09e3621c5395371fe6999/typer-0.7.0-py3-none-any.whl", hash = "sha256:b5e704f4e48ec263de1c0b3a2387cd405a13767d2f907f44c1a08cbad96f606d"},
    {url = "https://mirrors.aliyun.com/pypi/packages/e1/45/bcbc581f87c8d8f2a56b513eb994d07ea4546322818d95dc6a3caf2c928b/typer-0.7.0.tar.gz", hash = "sha256:ff797846578a9f2a201b53442aedeb543319466870fbe1c701eab66dd7681165"},
]
"typing-extensions 4.1.1" = [
    {url = "https://mirrors.aliyun.com/pypi/packages/45/6b/44f7f8f1e110027cf88956b59f2fad776cca7e1704396d043f89effd3a0e/typing_extensions-4.1.1-py3-none-any.whl", hash = "sha256:21c85e0fe4b9a155d0799430b0ad741cdce7e359660ccbd8b530613e8df88ce2"},
    {url = "https://mirrors.aliyun.com/pypi/packages/b1/5a/8b5fbb891ef3f81fc923bf3cb4a578c0abf9471eb50ce0f51c74212182ab/typing_extensions-4.1.1.tar.gz", hash = "sha256:1a9462dcc3347a79b1f1c0271fbe79e844580bb598bafa1ed208b94da3cdcd42"},
]
"zipp 3.6.0" = [
    {url = "https://mirrors.aliyun.com/pypi/packages/02/bf/0d03dbdedb83afec081fefe86cae3a2447250ef1a81ac601a9a56e785401/zipp-3.6.0.tar.gz", hash = "sha256:71c644c5369f4a6e07636f0aa966270449561fcea2e3d6747b8d23efaa9d7832"},
    {url = "https://mirrors.aliyun.com/pypi/packages/bd/df/d4a4974a3e3957fd1c1fa3082366d7fff6e428ddb55f074bf64876f8e8ad/zipp-3.6.0-py3-none-any.whl", hash = "sha256:9fe5ea21568a0a70e50f273397638d39b03353731e6cbbb3fd8502a33fec40bc"},
]
